
Microsoft Visual Studio Solution File, Format Version 12.00
# Visual Studio 15
VisualStudioVersion = 15.0.28307.572
MinimumVisualStudioVersion = 10.0.40219.1
Project("{FAE04EC0-301F-11D3-BF4B-00C04F79EFBC}") = "ImageEditorReorderToolbar.Android", "ImageEditorReorderToolbar\ImageEditorReorderToolbar.Android\ImageEditorReorderToolbar.Android.csproj", "{9E8D516F-2A84-4E3F-B3B5-B64896039503}"
EndProject
Project("{FAE04EC0-301F-11D3-BF4B-00C04F79EFBC}") = "ImageEditorReorderToolbar.iOS", "ImageEditorReorderToolbar\ImageEditorReorderToolbar.iOS\ImageEditorReorderToolbar.iOS.csproj", "{8E790548-0A43-44BC-B798-5DD398CE8DF9}"
EndProject
Project("{FAE04EC0-301F-11D3-BF4B-00C04F79EFBC}") = "ImageEditorReorderToolbar.UWP", "ImageEditorReorderToolbar\ImageEditorReorderToolbar.UWP\ImageEditorReorderToolbar.UWP.csproj", "{56A9BA81-1BE9-4116-B0F7-6F5884214E6B}"
EndProject
Project("{FAE04EC0-301F-11D3-BF4B-00C04F79EFBC}") = "ImageEditorReorderToolbar", "ImageEditorReorderToolbar\ImageEditorReorderToolbar\ImageEditorReorderToolbar.csproj", "{14631FB8-AD0D-42AA-A48C-EF5ACCB08233}"
EndProject
Global
	GlobalSection(SolutionConfigurationPlatforms) = preSolution
		Ad-Hoc|Any CPU = Ad-Hoc|Any CPU
		Ad-Hoc|ARM = Ad-Hoc|ARM
		Ad-Hoc|iPhone = Ad-Hoc|iPhone
		Ad-Hoc|iPhoneSimulator = Ad-Hoc|iPhoneSimulator
		Ad-Hoc|x64 = Ad-Hoc|x64
		Ad-Hoc|x86 = Ad-Hoc|x86
		AppStore|Any CPU = AppStore|Any CPU
		AppStore|ARM = AppStore|ARM
		AppStore|iPhone = AppStore|iPhone
		AppStore|iPhoneSimulator = AppStore|iPhoneSimulator
		AppStore|x64 = AppStore|x64
		AppStore|x86 = AppStore|x86
		Debug|Any CPU = Debug|Any CPU
		Debug|ARM = Debug|ARM
		Debug|iPhone = Debug|iPhone
		Debug|iPhoneSimulator = Debug|iPhoneSimulator
		Debug|x64 = Debug|x64
		Debug|x86 = Debug|x86
		Release|Any CPU = Release|Any CPU
		Release|ARM = Release|ARM
		Release|iPhone = Release|iPhone
		Release|iPhoneSimulator = Release|iPhoneSimulator
		Release|x64 = Release|x64
		Release|x86 = Release|x86
	EndGlobalSection
	GlobalSection(ProjectConfigurationPlatforms) = postSolution
		{9E8D516F-2A84-4E3F-B3B5-B64896039503}.Ad-Hoc|Any CPU.ActiveCfg = Release|Any CPU
		{9E8D516F-2A84-4E3F-B3B5-B64896039503}.Ad-Hoc|Any CPU.Build.0 = Release|Any CPU
		{9E8D516F-2A84-4E3F-B3B5-B64896039503}.Ad-Hoc|Any CPU.Deploy.0 = Release|Any CPU
		{9E8D516F-2A84-4E3F-B3B5-B64896039503}.Ad-Hoc|ARM.ActiveCfg = Release|Any CPU
		{9E8D516F-2A84-4E3F-B3B5-B64896039503}.Ad-Hoc|ARM.Build.0 = Release|Any CPU
		{9E8D516F-2A84-4E3F-B3B5-B64896039503}.Ad-Hoc|ARM.Deploy.0 = Release|Any CPU
		{9E8D516F-2A84-4E3F-B3B5-B64896039503}.Ad-Hoc|iPhone.ActiveCfg = Release|Any CPU
		{9E8D516F-2A84-4E3F-B3B5-B64896039503}.Ad-Hoc|iPhone.Build.0 = Release|Any CPU
		{9E8D516F-2A84-4E3F-B3B5-B64896039503}.Ad-Hoc|iPhone.Deploy.0 = Release|Any CPU
		{9E8D516F-2A84-4E3F-B3B5-B64896039503}.Ad-Hoc|iPhoneSimulator.ActiveCfg = Release|Any CPU
		{9E8D516F-2A84-4E3F-B3B5-B64896039503}.Ad-Hoc|iPhoneSimulator.Build.0 = Release|Any CPU
		{9E8D516F-2A84-4E3F-B3B5-B64896039503}.Ad-Hoc|iPhoneSimulator.Deploy.0 = Release|Any CPU
		{9E8D516F-2A84-4E3F-B3B5-B64896039503}.Ad-Hoc|x64.ActiveCfg = Release|Any CPU
		{9E8D516F-2A84-4E3F-B3B5-B64896039503}.Ad-Hoc|x64.Build.0 = Release|Any CPU
		{9E8D516F-2A84-4E3F-B3B5-B64896039503}.Ad-Hoc|x64.Deploy.0 = Release|Any CPU
		{9E8D516F-2A84-4E3F-B3B5-B64896039503}.Ad-Hoc|x86.ActiveCfg = Release|Any CPU
		{9E8D516F-2A84-4E3F-B3B5-B64896039503}.Ad-Hoc|x86.Build.0 = Release|Any CPU
		{9E8D516F-2A84-4E3F-B3B5-B64896039503}.Ad-Hoc|x86.Deploy.0 = Release|Any CPU
		{9E8D516F-2A84-4E3F-B3B5-B64896039503}.AppStore|Any CPU.ActiveCfg = Release|Any CPU
		{9E8D516F-2A84-4E3F-B3B5-B64896039503}.AppStore|Any CPU.Build.0 = Release|Any CPU
		{9E8D516F-2A84-4E3F-B3B5-B64896039503}.AppStore|Any CPU.Deploy.0 = Release|Any CPU
		{9E8D516F-2A84-4E3F-B3B5-B64896039503}.AppStore|ARM.ActiveCfg = Release|Any CPU
		{9E8D516F-2A84-4E3F-B3B5-B64896039503}.AppStore|ARM.Build.0 = Release|Any CPU
		{9E8D516F-2A84-4E3F-B3B5-B64896039503}.AppStore|ARM.Deploy.0 = Release|Any CPU
		{9E8D516F-2A84-4E3F-B3B5-B64896039503}.AppStore|iPhone.ActiveCfg = Release|Any CPU
		{9E8D516F-2A84-4E3F-B3B5-B64896039503}.AppStore|iPhone.Build.0 = Release|Any CPU
		{9E8D516F-2A84-4E3F-B3B5-B64896039503}.AppStore|iPhone.Deploy.0 = Release|Any CPU
		{9E8D516F-2A84-4E3F-B3B5-B64896039503}.AppStore|iPhoneSimulator.ActiveCfg = Release|Any CPU
		{9E8D516F-2A84-4E3F-B3B5-B64896039503}.AppStore|iPhoneSimulator.Build.0 = Release|Any CPU
		{9E8D516F-2A84-4E3F-B3B5-B64896039503}.AppStore|iPhoneSimulator.Deploy.0 = Release|Any CPU
		{9E8D516F-2A84-4E3F-B3B5-B64896039503}.AppStore|x64.ActiveCfg = Release|Any CPU
		{9E8D516F-2A84-4E3F-B3B5-B64896039503}.AppStore|x64.Build.0 = Release|Any CPU
		{9E8D516F-2A84-4E3F-B3B5-B64896039503}.AppStore|x64.Deploy.0 = Release|Any CPU
		{9E8D516F-2A84-4E3F-B3B5-B64896039503}.AppStore|x86.ActiveCfg = Release|Any CPU
		{9E8D516F-2A84-4E3F-B3B5-B64896039503}.AppStore|x86.Build.0 = Release|Any CPU
		{9E8D516F-2A84-4E3F-B3B5-B64896039503}.AppStore|x86.Deploy.0 = Release|Any CPU
		{9E8D516F-2A84-4E3F-B3B5-B64896039503}.Debug|Any CPU.ActiveCfg = Debug|Any CPU
		{9E8D516F-2A84-4E3F-B3B5-B64896039503}.Debug|Any CPU.Build.0 = Debug|Any CPU
		{9E8D516F-2A84-4E3F-B3B5-B64896039503}.Debug|Any CPU.Deploy.0 = Debug|Any CPU
		{9E8D516F-2A84-4E3F-B3B5-B64896039503}.Debug|ARM.ActiveCfg = Debug|Any CPU
		{9E8D516F-2A84-4E3F-B3B5-B64896039503}.Debug|ARM.Build.0 = Debug|Any CPU
		{9E8D516F-2A84-4E3F-B3B5-B64896039503}.Debug|ARM.Deploy.0 = Debug|Any CPU
		{9E8D516F-2A84-4E3F-B3B5-B64896039503}.Debug|iPhone.ActiveCfg = Debug|Any CPU
		{9E8D516F-2A84-4E3F-B3B5-B64896039503}.Debug|iPhone.Build.0 = Debug|Any CPU
		{9E8D516F-2A84-4E3F-B3B5-B64896039503}.Debug|iPhone.Deploy.0 = Debug|Any CPU
		{9E8D516F-2A84-4E3F-B3B5-B64896039503}.Debug|iPhoneSimulator.ActiveCfg = Debug|Any CPU
		{9E8D516F-2A84-4E3F-B3B5-B64896039503}.Debug|iPhoneSimulator.Build.0 = Debug|Any CPU
		{9E8D516F-2A84-4E3F-B3B5-B64896039503}.Debug|iPhoneSimulator.Deploy.0 = Debug|Any CPU
		{9E8D516F-2A84-4E3F-B3B5-B64896039503}.Debug|x64.ActiveCfg = Debug|Any CPU
		{9E8D516F-2A84-4E3F-B3B5-B64896039503}.Debug|x64.Build.0 = Debug|Any CPU
		{9E8D516F-2A84-4E3F-B3B5-B64896039503}.Debug|x64.Deploy.0 = Debug|Any CPU
		{9E8D516F-2A84-4E3F-B3B5-B64896039503}.Debug|x86.ActiveCfg = Debug|Any CPU
		{9E8D516F-2A84-4E3F-B3B5-B64896039503}.Debug|x86.Build.0 = Debug|Any CPU
		{9E8D516F-2A84-4E3F-B3B5-B64896039503}.Debug|x86.Deploy.0 = Debug|Any CPU
		{9E8D516F-2A84-4E3F-B3B5-B64896039503}.Release|Any CPU.ActiveCfg = Release|Any CPU
		{9E8D516F-2A84-4E3F-B3B5-B64896039503}.Release|Any CPU.Build.0 = Release|Any CPU
		{9E8D516F-2A84-4E3F-B3B5-B64896039503}.Release|Any CPU.Deploy.0 = Release|Any CPU
		{9E8D516F-2A84-4E3F-B3B5-B64896039503}.Release|ARM.ActiveCfg = Release|Any CPU
		{9E8D516F-2A84-4E3F-B3B5-B64896039503}.Release|ARM.Build.0 = Release|Any CPU
		{9E8D516F-2A84-4E3F-B3B5-B64896039503}.Release|ARM.Deploy.0 = Release|Any CPU
		{9E8D516F-2A84-4E3F-B3B5-B64896039503}.Release|iPhone.ActiveCfg = Release|Any CPU
		{9E8D516F-2A84-4E3F-B3B5-B64896039503}.Release|iPhone.Build.0 = Release|Any CPU
		{9E8D516F-2A84-4E3F-B3B5-B64896039503}.Release|iPhone.Deploy.0 = Release|Any CPU
		{9E8D516F-2A84-4E3F-B3B5-B64896039503}.Release|iPhoneSimulator.ActiveCfg = Release|Any CPU
		{9E8D516F-2A84-4E3F-B3B5-B64896039503}.Release|iPhoneSimulator.Build.0 = Release|Any CPU
		{9E8D516F-2A84-4E3F-B3B5-B64896039503}.Release|iPhoneSimulator.Deploy.0 = Release|Any CPU
		{9E8D516F-2A84-4E3F-B3B5-B64896039503}.Release|x64.ActiveCfg = Release|Any CPU
		{9E8D516F-2A84-4E3F-B3B5-B64896039503}.Release|x64.Build.0 = Release|Any CPU
		{9E8D516F-2A84-4E3F-B3B5-B64896039503}.Release|x64.Deploy.0 = Release|Any CPU
		{9E8D516F-2A84-4E3F-B3B5-B64896039503}.Release|x86.ActiveCfg = Release|Any CPU
		{9E8D516F-2A84-4E3F-B3B5-B64896039503}.Release|x86.Build.0 = Release|Any CPU
		{9E8D516F-2A84-4E3F-B3B5-B64896039503}.Release|x86.Deploy.0 = Release|Any CPU
		{8E790548-0A43-44BC-B798-5DD398CE8DF9}.Ad-Hoc|Any CPU.ActiveCfg = Ad-Hoc|iPhone
		{8E790548-0A43-44BC-B798-5DD398CE8DF9}.Ad-Hoc|Any CPU.Build.0 = Ad-Hoc|iPhone
		{8E790548-0A43-44BC-B798-5DD398CE8DF9}.Ad-Hoc|Any CPU.Deploy.0 = Ad-Hoc|iPhone
		{8E790548-0A43-44BC-B798-5DD398CE8DF9}.Ad-Hoc|ARM.ActiveCfg = Ad-Hoc|iPhone
		{8E790548-0A43-44BC-B798-5DD398CE8DF9}.Ad-Hoc|ARM.Build.0 = Ad-Hoc|iPhone
		{8E790548-0A43-44BC-B798-5DD398CE8DF9}.Ad-Hoc|ARM.Deploy.0 = Ad-Hoc|iPhone
		{8E790548-0A43-44BC-B798-5DD398CE8DF9}.Ad-Hoc|iPhone.ActiveCfg = Ad-Hoc|iPhone
		{8E790548-0A43-44BC-B798-5DD398CE8DF9}.Ad-Hoc|iPhone.Build.0 = Ad-Hoc|iPhone
		{8E790548-0A43-44BC-B798-5DD398CE8DF9}.Ad-Hoc|iPhone.Deploy.0 = Ad-Hoc|iPhone
		{8E790548-0A43-44BC-B798-5DD398CE8DF9}.Ad-Hoc|iPhoneSimulator.ActiveCfg = Ad-Hoc|iPhoneSimulator
		{8E790548-0A43-44BC-B798-5DD398CE8DF9}.Ad-Hoc|iPhoneSimulator.Build.0 = Ad-Hoc|iPhoneSimulator
		{8E790548-0A43-44BC-B798-5DD398CE8DF9}.Ad-Hoc|iPhoneSimulator.Deploy.0 = Ad-Hoc|iPhoneSimulator
		{8E790548-0A43-44BC-B798-5DD398CE8DF9}.Ad-Hoc|x64.ActiveCfg = Ad-Hoc|iPhone
		{8E790548-0A43-44BC-B798-5DD398CE8DF9}.Ad-Hoc|x64.Build.0 = Ad-Hoc|iPhone
		{8E790548-0A43-44BC-B798-5DD398CE8DF9}.Ad-Hoc|x64.Deploy.0 = Ad-Hoc|iPhone
		{8E790548-0A43-44BC-B798-5DD398CE8DF9}.Ad-Hoc|x86.ActiveCfg = Ad-Hoc|iPhone
		{8E790548-0A43-44BC-B798-5DD398CE8DF9}.Ad-Hoc|x86.Build.0 = Ad-Hoc|iPhone
		{8E790548-0A43-44BC-B798-5DD398CE8DF9}.Ad-Hoc|x86.Deploy.0 = Ad-Hoc|iPhone
		{8E790548-0A43-44BC-B798-5DD398CE8DF9}.AppStore|Any CPU.ActiveCfg = AppStore|iPhone
		{8E790548-0A43-44BC-B798-5DD398CE8DF9}.AppStore|Any CPU.Build.0 = AppStore|iPhone
		{8E790548-0A43-44BC-B798-5DD398CE8DF9}.AppStore|Any CPU.Deploy.0 = AppStore|iPhone
		{8E790548-0A43-44BC-B798-5DD398CE8DF9}.AppStore|ARM.ActiveCfg = AppStore|iPhone
		{8E790548-0A43-44BC-B798-5DD398CE8DF9}.AppStore|ARM.Build.0 = AppStore|iPhone
		{8E790548-0A43-44BC-B798-5DD398CE8DF9}.AppStore|ARM.Deploy.0 = AppStore|iPhone
		{8E790548-0A43-44BC-B798-5DD398CE8DF9}.AppStore|iPhone.ActiveCfg = AppStore|iPhone
		{8E790548-0A43-44BC-B798-5DD398CE8DF9}.AppStore|iPhone.Build.0 = AppStore|iPhone
		{8E790548-0A43-44BC-B798-5DD398CE8DF9}.AppStore|iPhone.Deploy.0 = AppStore|iPhone
		{8E790548-0A43-44BC-B798-5DD398CE8DF9}.AppStore|iPhoneSimulator.ActiveCfg = AppStore|iPhoneSimulator
		{8E790548-0A43-44BC-B798-5DD398CE8DF9}.AppStore|iPhoneSimulator.Build.0 = AppStore|iPhoneSimulator
		{8E790548-0A43-44BC-B798-5DD398CE8DF9}.AppStore|iPhoneSimulator.Deploy.0 = AppStore|iPhoneSimulator
		{8E790548-0A43-44BC-B798-5DD398CE8DF9}.AppStore|x64.ActiveCfg = AppStore|iPhone
		{8E790548-0A43-44BC-B798-5DD398CE8DF9}.AppStore|x64.Build.0 = AppStore|iPhone
		{8E790548-0A43-44BC-B798-5DD398CE8DF9}.AppStore|x64.Deploy.0 = AppStore|iPhone
		{8E790548-0A43-44BC-B798-5DD398CE8DF9}.AppStore|x86.ActiveCfg = AppStore|iPhone
		{8E790548-0A43-44BC-B798-5DD398CE8DF9}.AppStore|x86.Build.0 = AppStore|iPhone
		{8E790548-0A43-44BC-B798-5DD398CE8DF9}.AppStore|x86.Deploy.0 = AppStore|iPhone
		{8E790548-0A43-44BC-B798-5DD398CE8DF9}.Debug|Any CPU.ActiveCfg = Debug|iPhoneSimulator
		{8E790548-0A43-44BC-B798-5DD398CE8DF9}.Debug|Any CPU.Build.0 = Debug|iPhoneSimulator
		{8E790548-0A43-44BC-B798-5DD398CE8DF9}.Debug|Any CPU.Deploy.0 = Debug|iPhoneSimulator
		{8E790548-0A43-44BC-B798-5DD398CE8DF9}.Debug|ARM.ActiveCfg = Debug|iPhone
		{8E790548-0A43-44BC-B798-5DD398CE8DF9}.Debug|ARM.Build.0 = Debug|iPhone
		{8E790548-0A43-44BC-B798-5DD398CE8DF9}.Debug|ARM.Deploy.0 = Debug|iPhone
		{8E790548-0A43-44BC-B798-5DD398CE8DF9}.Debug|iPhone.ActiveCfg = Debug|iPhone
		{8E790548-0A43-44BC-B798-5DD398CE8DF9}.Debug|iPhone.Build.0 = Debug|iPhone
		{8E790548-0A43-44BC-B798-5DD398CE8DF9}.Debug|iPhone.Deploy.0 = Debug|iPhone
		{8E790548-0A43-44BC-B798-5DD398CE8DF9}.Debug|iPhoneSimulator.ActiveCfg = Debug|iPhoneSimulator
		{8E790548-0A43-44BC-B798-5DD398CE8DF9}.Debug|iPhoneSimulator.Build.0 = Debug|iPhoneSimulator
		{8E790548-0A43-44BC-B798-5DD398CE8DF9}.Debug|iPhoneSimulator.Deploy.0 = Debug|iPhoneSimulator
		{8E790548-0A43-44BC-B798-5DD398CE8DF9}.Debug|x64.ActiveCfg = Debug|iPhone
		{8E790548-0A43-44BC-B798-5DD398CE8DF9}.Debug|x64.Build.0 = Debug|iPhone
		{8E790548-0A43-44BC-B798-5DD398CE8DF9}.Debug|x64.Deploy.0 = Debug|iPhone
		{8E790548-0A43-44BC-B798-5DD398CE8DF9}.Debug|x86.ActiveCfg = Debug|iPhone
		{8E790548-0A43-44BC-B798-5DD398CE8DF9}.Debug|x86.Build.0 = Debug|iPhone
		{8E790548-0A43-44BC-B798-5DD398CE8DF9}.Debug|x86.Deploy.0 = Debug|iPhone
		{8E790548-0A43-44BC-B798-5DD398CE8DF9}.Release|Any CPU.ActiveCfg = Release|iPhone
		{8E790548-0A43-44BC-B798-5DD398CE8DF9}.Release|Any CPU.Build.0 = Release|iPhone
		{8E790548-0A43-44BC-B798-5DD398CE8DF9}.Release|Any CPU.Deploy.0 = Release|iPhone
		{8E790548-0A43-44BC-B798-5DD398CE8DF9}.Release|ARM.ActiveCfg = Release|iPhone
		{8E790548-0A43-44BC-B798-5DD398CE8DF9}.Release|ARM.Build.0 = Release|iPhone
		{8E790548-0A43-44BC-B798-5DD398CE8DF9}.Release|ARM.Deploy.0 = Release|iPhone
		{8E790548-0A43-44BC-B798-5DD398CE8DF9}.Release|iPhone.ActiveCfg = Release|iPhone
		{8E790548-0A43-44BC-B798-5DD398CE8DF9}.Release|iPhone.Build.0 = Release|iPhone
		{8E790548-0A43-44BC-B798-5DD398CE8DF9}.Release|iPhone.Deploy.0 = Release|iPhone
		{8E790548-0A43-44BC-B798-5DD398CE8DF9}.Release|iPhoneSimulator.ActiveCfg = Release|iPhoneSimulator
		{8E790548-0A43-44BC-B798-5DD398CE8DF9}.Release|iPhoneSimulator.Build.0 = Release|iPhoneSimulator
		{8E790548-0A43-44BC-B798-5DD398CE8DF9}.Release|iPhoneSimulator.Deploy.0 = Release|iPhoneSimulator
		{8E790548-0A43-44BC-B798-5DD398CE8DF9}.Release|x64.ActiveCfg = Release|iPhone
		{8E790548-0A43-44BC-B798-5DD398CE8DF9}.Release|x64.Build.0 = Release|iPhone
		{8E790548-0A43-44BC-B798-5DD398CE8DF9}.Release|x64.Deploy.0 = Release|iPhone
		{8E790548-0A43-44BC-B798-5DD398CE8DF9}.Release|x86.ActiveCfg = Release|iPhone
		{8E790548-0A43-44BC-B798-5DD398CE8DF9}.Release|x86.Build.0 = Release|iPhone
		{8E790548-0A43-44BC-B798-5DD398CE8DF9}.Release|x86.Deploy.0 = Release|iPhone
		{56A9BA81-1BE9-4116-B0F7-6F5884214E6B}.Ad-Hoc|Any CPU.ActiveCfg = Release|x86
		{56A9BA81-1BE9-4116-B0F7-6F5884214E6B}.Ad-Hoc|Any CPU.Build.0 = Release|x86
		{56A9BA81-1BE9-4116-B0F7-6F5884214E6B}.Ad-Hoc|Any CPU.Deploy.0 = Release|x86
		{56A9BA81-1BE9-4116-B0F7-6F5884214E6B}.Ad-Hoc|ARM.ActiveCfg = Release|ARM
		{56A9BA81-1BE9-4116-B0F7-6F5884214E6B}.Ad-Hoc|ARM.Build.0 = Release|ARM
		{56A9BA81-1BE9-4116-B0F7-6F5884214E6B}.Ad-Hoc|ARM.Deploy.0 = Release|ARM
		{56A9BA81-1BE9-4116-B0F7-6F5884214E6B}.Ad-Hoc|iPhone.ActiveCfg = Release|x86
		{56A9BA81-1BE9-4116-B0F7-6F5884214E6B}.Ad-Hoc|iPhone.Build.0 = Release|x86
		{56A9BA81-1BE9-4116-B0F7-6F5884214E6B}.Ad-Hoc|iPhone.Deploy.0 = Release|x86
		{56A9BA81-1BE9-4116-B0F7-6F5884214E6B}.Ad-Hoc|iPhoneSimulator.ActiveCfg = Release|x86
		{56A9BA81-1BE9-4116-B0F7-6F5884214E6B}.Ad-Hoc|iPhoneSimulator.Build.0 = Release|x86
		{56A9BA81-1BE9-4116-B0F7-6F5884214E6B}.Ad-Hoc|iPhoneSimulator.Deploy.0 = Release|x86
		{56A9BA81-1BE9-4116-B0F7-6F5884214E6B}.Ad-Hoc|x64.ActiveCfg = Release|x64
		{56A9BA81-1BE9-4116-B0F7-6F5884214E6B}.Ad-Hoc|x64.Build.0 = Release|x64
		{56A9BA81-1BE9-4116-B0F7-6F5884214E6B}.Ad-Hoc|x64.Deploy.0 = Release|x64
		{56A9BA81-1BE9-4116-B0F7-6F5884214E6B}.Ad-Hoc|x86.ActiveCfg = Release|x86
		{56A9BA81-1BE9-4116-B0F7-6F5884214E6B}.Ad-Hoc|x86.Build.0 = Release|x86
		{56A9BA81-1BE9-4116-B0F7-6F5884214E6B}.Ad-Hoc|x86.Deploy.0 = Release|x86
		{56A9BA81-1BE9-4116-B0F7-6F5884214E6B}.AppStore|Any CPU.ActiveCfg = Release|x86
		{56A9BA81-1BE9-4116-B0F7-6F5884214E6B}.AppStore|Any CPU.Build.0 = Release|x86
		{56A9BA81-1BE9-4116-B0F7-6F5884214E6B}.AppStore|Any CPU.Deploy.0 = Release|x86
		{56A9BA81-1BE9-4116-B0F7-6F5884214E6B}.AppStore|ARM.ActiveCfg = Release|ARM
		{56A9BA81-1BE9-4116-B0F7-6F5884214E6B}.AppStore|ARM.Build.0 = Release|ARM
		{56A9BA81-1BE9-4116-B0F7-6F5884214E6B}.AppStore|ARM.Deploy.0 = Release|ARM
		{56A9BA81-1BE9-4116-B0F7-6F5884214E6B}.AppStore|iPhone.ActiveCfg = Release|x86
		{56A9BA81-1BE9-4116-B0F7-6F5884214E6B}.AppStore|iPhone.Build.0 = Release|x86
		{56A9BA81-1BE9-4116-B0F7-6F5884214E6B}.AppStore|iPhone.Deploy.0 = Release|x86
		{56A9BA81-1BE9-4116-B0F7-6F5884214E6B}.AppStore|iPhoneSimulator.ActiveCfg = Release|x86
		{56A9BA81-1BE9-4116-B0F7-6F5884214E6B}.AppStore|iPhoneSimulator.Build.0 = Release|x86
		{56A9BA81-1BE9-4116-B0F7-6F5884214E6B}.AppStore|iPhoneSimulator.Deploy.0 = Release|x86
		{56A9BA81-1BE9-4116-B0F7-6F5884214E6B}.AppStore|x64.ActiveCfg = Release|x64
		{56A9BA81-1BE9-4116-B0F7-6F5884214E6B}.AppStore|x64.Build.0 = Release|x64
		{56A9BA81-1BE9-4116-B0F7-6F5884214E6B}.AppStore|x64.Deploy.0 = Release|x64
		{56A9BA81-1BE9-4116-B0F7-6F5884214E6B}.AppStore|x86.ActiveCfg = Release|x86
		{56A9BA81-1BE9-4116-B0F7-6F5884214E6B}.AppStore|x86.Build.0 = Release|x86
		{56A9BA81-1BE9-4116-B0F7-6F5884214E6B}.AppStore|x86.Deploy.0 = Release|x86
		{56A9BA81-1BE9-4116-B0F7-6F5884214E6B}.Debug|Any CPU.ActiveCfg = Debug|x86
		{56A9BA81-1BE9-4116-B0F7-6F5884214E6B}.Debug|Any CPU.Build.0 = Debug|x86
		{56A9BA81-1BE9-4116-B0F7-6F5884214E6B}.Debug|Any CPU.Deploy.0 = Debug|x86
		{56A9BA81-1BE9-4116-B0F7-6F5884214E6B}.Debug|ARM.ActiveCfg = Debug|ARM
		{56A9BA81-1BE9-4116-B0F7-6F5884214E6B}.Debug|ARM.Build.0 = Debug|ARM
		{56A9BA81-1BE9-4116-B0F7-6F5884214E6B}.Debug|ARM.Deploy.0 = Debug|ARM
		{56A9BA81-1BE9-4116-B0F7-6F5884214E6B}.Debug|iPhone.ActiveCfg = Debug|x86
		{56A9BA81-1BE9-4116-B0F7-6F5884214E6B}.Debug|iPhone.Build.0 = Debug|x86
		{56A9BA81-1BE9-4116-B0F7-6F5884214E6B}.Debug|iPhone.Deploy.0 = Debug|x86
		{56A9BA81-1BE9-4116-B0F7-6F5884214E6B}.Debug|iPhoneSimulator.ActiveCfg = Debug|x86
		{56A9BA81-1BE9-4116-B0F7-6F5884214E6B}.Debug|iPhoneSimulator.Build.0 = Debug|x86
		{56A9BA81-1BE9-4116-B0F7-6F5884214E6B}.Debug|iPhoneSimulator.Deploy.0 = Debug|x86
		{56A9BA81-1BE9-4116-B0F7-6F5884214E6B}.Debug|x64.ActiveCfg = Debug|x64
		{56A9BA81-1BE9-4116-B0F7-6F5884214E6B}.Debug|x64.Build.0 = Debug|x64
		{56A9BA81-1BE9-4116-B0F7-6F5884214E6B}.Debug|x64.Deploy.0 = Debug|x64
		{56A9BA81-1BE9-4116-B0F7-6F5884214E6B}.Debug|x86.ActiveCfg = Debug|x86
		{56A9BA81-1BE9-4116-B0F7-6F5884214E6B}.Debug|x86.Build.0 = Debug|x86
		{56A9BA81-1BE9-4116-B0F7-6F5884214E6B}.Debug|x86.Deploy.0 = Debug|x86
		{56A9BA81-1BE9-4116-B0F7-6F5884214E6B}.Release|Any CPU.ActiveCfg = Release|x86
		{56A9BA81-1BE9-4116-B0F7-6F5884214E6B}.Release|Any CPU.Build.0 = Release|x86
		{56A9BA81-1BE9-4116-B0F7-6F5884214E6B}.Release|Any CPU.Deploy.0 = Release|x86
		{56A9BA81-1BE9-4116-B0F7-6F5884214E6B}.Release|ARM.ActiveCfg = Release|ARM
		{56A9BA81-1BE9-4116-B0F7-6F5884214E6B}.Release|ARM.Build.0 = Release|ARM
		{56A9BA81-1BE9-4116-B0F7-6F5884214E6B}.Release|ARM.Deploy.0 = Release|ARM
		{56A9BA81-1BE9-4116-B0F7-6F5884214E6B}.Release|iPhone.ActiveCfg = Release|x86
		{56A9BA81-1BE9-4116-B0F7-6F5884214E6B}.Release|iPhone.Build.0 = Release|x86
		{56A9BA81-1BE9-4116-B0F7-6F5884214E6B}.Release|iPhone.Deploy.0 = Release|x86
		{56A9BA81-1BE9-4116-B0F7-6F5884214E6B}.Release|iPhoneSimulator.ActiveCfg = Release|x86
		{56A9BA81-1BE9-4116-B0F7-6F5884214E6B}.Release|iPhoneSimulator.Build.0 = Release|x86
		{56A9BA81-1BE9-4116-B0F7-6F5884214E6B}.Release|iPhoneSimulator.Deploy.0 = Release|x86
		{56A9BA81-1BE9-4116-B0F7-6F5884214E6B}.Release|x64.ActiveCfg = Release|x64
		{56A9BA81-1BE9-4116-B0F7-6F5884214E6B}.Release|x64.Build.0 = Release|x64
		{56A9BA81-1BE9-4116-B0F7-6F5884214E6B}.Release|x64.Deploy.0 = Release|x64
		{56A9BA81-1BE9-4116-B0F7-6F5884214E6B}.Release|x86.ActiveCfg = Release|x86
		{56A9BA81-1BE9-4116-B0F7-6F5884214E6B}.Release|x86.Build.0 = Release|x86
		{56A9BA81-1BE9-4116-B0F7-6F5884214E6B}.Release|x86.Deploy.0 = Release|x86
		{14631FB8-AD0D-42AA-A48C-EF5ACCB08233}.Ad-Hoc|Any CPU.ActiveCfg = Debug|Any CPU
		{14631FB8-AD0D-42AA-A48C-EF5ACCB08233}.Ad-Hoc|Any CPU.Build.0 = Debug|Any CPU
		{14631FB8-AD0D-42AA-A48C-EF5ACCB08233}.Ad-Hoc|Any CPU.Deploy.0 = Debug|Any CPU
		{14631FB8-AD0D-42AA-A48C-EF5ACCB08233}.Ad-Hoc|ARM.ActiveCfg = Debug|Any CPU
		{14631FB8-AD0D-42AA-A48C-EF5ACCB08233}.Ad-Hoc|ARM.Build.0 = Debug|Any CPU
		{14631FB8-AD0D-42AA-A48C-EF5ACCB08233}.Ad-Hoc|ARM.Deploy.0 = Debug|Any CPU
		{14631FB8-AD0D-42AA-A48C-EF5ACCB08233}.Ad-Hoc|iPhone.ActiveCfg = Debug|Any CPU
		{14631FB8-AD0D-42AA-A48C-EF5ACCB08233}.Ad-Hoc|iPhone.Build.0 = Debug|Any CPU
		{14631FB8-AD0D-42AA-A48C-EF5ACCB08233}.Ad-Hoc|iPhone.Deploy.0 = Debug|Any CPU
		{14631FB8-AD0D-42AA-A48C-EF5ACCB08233}.Ad-Hoc|iPhoneSimulator.ActiveCfg = Debug|Any CPU
		{14631FB8-AD0D-42AA-A48C-EF5ACCB08233}.Ad-Hoc|iPhoneSimulator.Build.0 = Debug|Any CPU
		{14631FB8-AD0D-42AA-A48C-EF5ACCB08233}.Ad-Hoc|iPhoneSimulator.Deploy.0 = Debug|Any CPU
		{14631FB8-AD0D-42AA-A48C-EF5ACCB08233}.Ad-Hoc|x64.ActiveCfg = Debug|Any CPU
		{14631FB8-AD0D-42AA-A48C-EF5ACCB08233}.Ad-Hoc|x64.Build.0 = Debug|Any CPU
		{14631FB8-AD0D-42AA-A48C-EF5ACCB08233}.Ad-Hoc|x64.Deploy.0 = Debug|Any CPU
		{14631FB8-AD0D-42AA-A48C-EF5ACCB08233}.Ad-Hoc|x86.ActiveCfg = Debug|Any CPU
		{14631FB8-AD0D-42AA-A48C-EF5ACCB08233}.Ad-Hoc|x86.Build.0 = Debug|Any CPU
		{14631FB8-AD0D-42AA-A48C-EF5ACCB08233}.Ad-Hoc|x86.Deploy.0 = Debug|Any CPU
		{14631FB8-AD0D-42AA-A48C-EF5ACCB08233}.AppStore|Any CPU.ActiveCfg = Debug|Any CPU
		{14631FB8-AD0D-42AA-A48C-EF5ACCB08233}.AppStore|Any CPU.Build.0 = Debug|Any CPU
		{14631FB8-AD0D-42AA-A48C-EF5ACCB08233}.AppStore|Any CPU.Deploy.0 = Debug|Any CPU
		{14631FB8-AD0D-42AA-A48C-EF5ACCB08233}.AppStore|ARM.ActiveCfg = Debug|Any CPU
		{14631FB8-AD0D-42AA-A48C-EF5ACCB08233}.AppStore|ARM.Build.0 = Debug|Any CPU
		{14631FB8-AD0D-42AA-A48C-EF5ACCB08233}.AppStore|ARM.Deploy.0 = Debug|Any CPU
		{14631FB8-AD0D-42AA-A48C-EF5ACCB08233}.AppStore|iPhone.ActiveCfg = Debug|Any CPU
		{14631FB8-AD0D-42AA-A48C-EF5ACCB08233}.AppStore|iPhone.Build.0 = Debug|Any CPU
		{14631FB8-AD0D-42AA-A48C-EF5ACCB08233}.AppStore|iPhone.Deploy.0 = Debug|Any CPU
		{14631FB8-AD0D-42AA-A48C-EF5ACCB08233}.AppStore|iPhoneSimulator.ActiveCfg = Debug|Any CPU
		{14631FB8-AD0D-42AA-A48C-EF5ACCB08233}.AppStore|iPhoneSimulator.Build.0 = Debug|Any CPU
		{14631FB8-AD0D-42AA-A48C-EF5ACCB08233}.AppStore|iPhoneSimulator.Deploy.0 = Debug|Any CPU
		{14631FB8-AD0D-42AA-A48C-EF5ACCB08233}.AppStore|x64.ActiveCfg = Debug|Any CPU
		{14631FB8-AD0D-42AA-A48C-EF5ACCB08233}.AppStore|x64.Build.0 = Debug|Any CPU
		{14631FB8-AD0D-42AA-A48C-EF5ACCB08233}.AppStore|x64.Deploy.0 = Debug|Any CPU
		{14631FB8-AD0D-42AA-A48C-EF5ACCB08233}.AppStore|x86.ActiveCfg = Debug|Any CPU
		{14631FB8-AD0D-42AA-A48C-EF5ACCB08233}.AppStore|x86.Build.0 = Debug|Any CPU
		{14631FB8-AD0D-42AA-A48C-EF5ACCB08233}.AppStore|x86.Deploy.0 = Debug|Any CPU
		{14631FB8-AD0D-42AA-A48C-EF5ACCB08233}.Debug|Any CPU.ActiveCfg = Debug|Any CPU
		{14631FB8-AD0D-42AA-A48C-EF5ACCB08233}.Debug|Any CPU.Build.0 = Debug|Any CPU
		{14631FB8-AD0D-42AA-A48C-EF5ACCB08233}.Debug|Any CPU.Deploy.0 = Debug|Any CPU
		{14631FB8-AD0D-42AA-A48C-EF5ACCB08233}.Debug|ARM.ActiveCfg = Debug|Any CPU
		{14631FB8-AD0D-42AA-A48C-EF5ACCB08233}.Debug|ARM.Build.0 = Debug|Any CPU
		{14631FB8-AD0D-42AA-A48C-EF5ACCB08233}.Debug|ARM.Deploy.0 = Debug|Any CPU
		{14631FB8-AD0D-42AA-A48C-EF5ACCB08233}.Debug|iPhone.ActiveCfg = Debug|Any CPU
		{14631FB8-AD0D-42AA-A48C-EF5ACCB08233}.Debug|iPhone.Build.0 = Debug|Any CPU
		{14631FB8-AD0D-42AA-A48C-EF5ACCB08233}.Debug|iPhone.Deploy.0 = Debug|Any CPU
		{14631FB8-AD0D-42AA-A48C-EF5ACCB08233}.Debug|iPhoneSimulator.ActiveCfg = Debug|Any CPU
		{14631FB8-AD0D-42AA-A48C-EF5ACCB08233}.Debug|iPhoneSimulator.Build.0 = Debug|Any CPU
		{14631FB8-AD0D-42AA-A48C-EF5ACCB08233}.Debug|iPhoneSimulator.Deploy.0 = Debug|Any CPU
		{14631FB8-AD0D-42AA-A48C-EF5ACCB08233}.Debug|x64.ActiveCfg = Debug|Any CPU
		{14631FB8-AD0D-42AA-A48C-EF5ACCB08233}.Debug|x64.Build.0 = Debug|Any CPU
		{14631FB8-AD0D-42AA-A48C-EF5ACCB08233}.Debug|x64.Deploy.0 = Debug|Any CPU
		{14631FB8-AD0D-42AA-A48C-EF5ACCB08233}.Debug|x86.ActiveCfg = Debug|Any CPU
		{14631FB8-AD0D-42AA-A48C-EF5ACCB08233}.Debug|x86.Build.0 = Debug|Any CPU
		{14631FB8-AD0D-42AA-A48C-EF5ACCB08233}.Debug|x86.Deploy.0 = Debug|Any CPU
		{14631FB8-AD0D-42AA-A48C-EF5ACCB08233}.Release|Any CPU.ActiveCfg = Release|Any CPU
		{14631FB8-AD0D-42AA-A48C-EF5ACCB08233}.Release|Any CPU.Build.0 = Release|Any CPU
		{14631FB8-AD0D-42AA-A48C-EF5ACCB08233}.Release|Any CPU.Deploy.0 = Release|Any CPU
		{14631FB8-AD0D-42AA-A48C-EF5ACCB08233}.Release|ARM.ActiveCfg = Release|Any CPU
		{14631FB8-AD0D-42AA-A48C-EF5ACCB08233}.Release|ARM.Build.0 = Release|Any CPU
		{14631FB8-AD0D-42AA-A48C-EF5ACCB08233}.Release|ARM.Deploy.0 = Release|Any CPU
		{14631FB8-AD0D-42AA-A48C-EF5ACCB08233}.Release|iPhone.ActiveCfg = Release|Any CPU
		{14631FB8-AD0D-42AA-A48C-EF5ACCB08233}.Release|iPhone.Build.0 = Release|Any CPU
		{14631FB8-AD0D-42AA-A48C-EF5ACCB08233}.Release|iPhone.Deploy.0 = Release|Any CPU
		{14631FB8-AD0D-42AA-A48C-EF5ACCB08233}.Release|iPhoneSimulator.ActiveCfg = Release|Any CPU
		{14631FB8-AD0D-42AA-A48C-EF5ACCB08233}.Release|iPhoneSimulator.Build.0 = Release|Any CPU
		{14631FB8-AD0D-42AA-A48C-EF5ACCB08233}.Release|iPhoneSimulator.Deploy.0 = Release|Any CPU
		{14631FB8-AD0D-42AA-A48C-EF5ACCB08233}.Release|x64.ActiveCfg = Release|Any CPU
		{14631FB8-AD0D-42AA-A48C-EF5ACCB08233}.Release|x64.Build.0 = Release|Any CPU
		{14631FB8-AD0D-42AA-A48C-EF5ACCB08233}.Release|x64.Deploy.0 = Release|Any CPU
		{14631FB8-AD0D-42AA-A48C-EF5ACCB08233}.Release|x86.ActiveCfg = Release|Any CPU
		{14631FB8-AD0D-42AA-A48C-EF5ACCB08233}.Release|x86.Build.0 = Release|Any CPU
		{14631FB8-AD0D-42AA-A48C-EF5ACCB08233}.Release|x86.Deploy.0 = Release|Any CPU
	EndGlobalSection
	GlobalSection(SolutionProperties) = preSolution
		HideSolutionNode = FALSE
	EndGlobalSection
	GlobalSection(ExtensibilityGlobals) = postSolution
		SolutionGuid = {0CD31722-D5F5-4169-8C0B-3FEA6DD706B2}
	EndGlobalSection
EndGlobal
